
Microsoft Visual Studio Solution File, Format Version 12.00
# Visual Studio Version 17
VisualStudioVersion = 17.1.32421.90
MinimumVisualStudioVersion = 10.0.40219.1
Project("{FAE04EC0-301F-11D3-BF4B-00C04F79EFBC}") = "FinalExercise1", "FinalExercise1\FinalExercise1.csproj", "{ED0A14EF-BBA8-4234-91D6-F9E8CFFF90E4}"
EndProject
Global
	GlobalSection(SolutionConfigurationPlatforms) = preSolution
		Debug|Any CPU = Debug|Any CPU
		Release|Any CPU = Release|Any CPU
	EndGlobalSection
	GlobalSection(ProjectConfigurationPlatforms) = postSolution
		{ED0A14EF-BBA8-4234-91D6-F9E8CFFF90E4}.Debug|Any CPU.ActiveCfg = Debug|Any CPU
		{ED0A14EF-BBA8-4234-91D6-F9E8CFFF90E4}.Debug|Any CPU.Build.0 = Debug|Any CPU
		{ED0A14EF-BBA8-4234-91D6-F9E8CFFF90E4}.Release|Any CPU.ActiveCfg = Release|Any CPU
		{ED0A14EF-BBA8-4234-91D6-F9E8CFFF90E4}.Release|Any CPU.Build.0 = Release|Any CPU
	EndGlobalSection
	GlobalSection(SolutionProperties) = preSolution
		HideSolutionNode = FALSE
	EndGlobalSection
	GlobalSection(ExtensibilityGlobals) = postSolution
		SolutionGuid = {1DFD35BF-ADAC-452F-8ECD-2E7FB17F7E06}
	EndGlobalSection
EndGlobal
