
Microsoft Visual Studio Solution File, Format Version 12.00
# Visual Studio Version 17
VisualStudioVersion = 17.1.32421.90
MinimumVisualStudioVersion = 10.0.40219.1
Project("{FAE04EC0-301F-11D3-BF4B-00C04F79EFBC}") = "OrderPizza", "OrderPizza\OrderPizza.csproj", "{3DAC0772-56D1-4852-A05E-2438232C4C84}"
EndProject
Global
	GlobalSection(SolutionConfigurationPlatforms) = preSolution
		Debug|Any CPU = Debug|Any CPU
		Release|Any CPU = Release|Any CPU
	EndGlobalSection
	GlobalSection(ProjectConfigurationPlatforms) = postSolution
		{3DAC0772-56D1-4852-A05E-2438232C4C84}.Debug|Any CPU.ActiveCfg = Debug|Any CPU
		{3DAC0772-56D1-4852-A05E-2438232C4C84}.Debug|Any CPU.Build.0 = Debug|Any CPU
		{3DAC0772-56D1-4852-A05E-2438232C4C84}.Release|Any CPU.ActiveCfg = Release|Any CPU
		{3DAC0772-56D1-4852-A05E-2438232C4C84}.Release|Any CPU.Build.0 = Release|Any CPU
	EndGlobalSection
	GlobalSection(SolutionProperties) = preSolution
		HideSolutionNode = FALSE
	EndGlobalSection
	GlobalSection(ExtensibilityGlobals) = postSolution
		SolutionGuid = {F2BAA702-D8C7-4FE1-8175-106EEDFF79A6}
	EndGlobalSection
EndGlobal
