
Microsoft Visual Studio Solution File, Format Version 12.00
# Visual Studio Version 17
VisualStudioVersion = 17.1.32421.90
MinimumVisualStudioVersion = 10.0.40219.1
Project("{FAE04EC0-301F-11D3-BF4B-00C04F79EFBC}") = "Calculator", "Calculator\Calculator.csproj", "{49349572-26ED-4A5A-B652-A3618F461850}"
EndProject
Global
	GlobalSection(SolutionConfigurationPlatforms) = preSolution
		Debug|Any CPU = Debug|Any CPU
		Release|Any CPU = Release|Any CPU
	EndGlobalSection
	GlobalSection(ProjectConfigurationPlatforms) = postSolution
		{49349572-26ED-4A5A-B652-A3618F461850}.Debug|Any CPU.ActiveCfg = Debug|Any CPU
		{49349572-26ED-4A5A-B652-A3618F461850}.Debug|Any CPU.Build.0 = Debug|Any CPU
		{49349572-26ED-4A5A-B652-A3618F461850}.Release|Any CPU.ActiveCfg = Release|Any CPU
		{49349572-26ED-4A5A-B652-A3618F461850}.Release|Any CPU.Build.0 = Release|Any CPU
	EndGlobalSection
	GlobalSection(SolutionProperties) = preSolution
		HideSolutionNode = FALSE
	EndGlobalSection
	GlobalSection(ExtensibilityGlobals) = postSolution
		SolutionGuid = {2085C99A-48E3-4020-88C2-2B785DB6C3F0}
	EndGlobalSection
EndGlobal
