
Microsoft Visual Studio Solution File, Format Version 12.00
# Visual Studio Version 17
VisualStudioVersion = 17.1.32421.90
MinimumVisualStudioVersion = 10.0.40219.1
Project("{FAE04EC0-301F-11D3-BF4B-00C04F79EFBC}") = "AreaOfRectangle", "AreaOfRectangle\AreaOfRectangle.csproj", "{0137E540-CB4C-4D05-99C3-C297EDA50B63}"
EndProject
Global
	GlobalSection(SolutionConfigurationPlatforms) = preSolution
		Debug|Any CPU = Debug|Any CPU
		Release|Any CPU = Release|Any CPU
	EndGlobalSection
	GlobalSection(ProjectConfigurationPlatforms) = postSolution
		{0137E540-CB4C-4D05-99C3-C297EDA50B63}.Debug|Any CPU.ActiveCfg = Debug|Any CPU
		{0137E540-CB4C-4D05-99C3-C297EDA50B63}.Debug|Any CPU.Build.0 = Debug|Any CPU
		{0137E540-CB4C-4D05-99C3-C297EDA50B63}.Release|Any CPU.ActiveCfg = Release|Any CPU
		{0137E540-CB4C-4D05-99C3-C297EDA50B63}.Release|Any CPU.Build.0 = Release|Any CPU
	EndGlobalSection
	GlobalSection(SolutionProperties) = preSolution
		HideSolutionNode = FALSE
	EndGlobalSection
	GlobalSection(ExtensibilityGlobals) = postSolution
		SolutionGuid = {8B6C46E2-64BD-4DD2-8AF9-59BCE1E56ABA}
	EndGlobalSection
EndGlobal
