
Microsoft Visual Studio Solution File, Format Version 12.00
# Visual Studio Version 16
VisualStudioVersion = 16.0.32106.194
MinimumVisualStudioVersion = 10.0.40219.1
Project("{FAE04EC0-301F-11D3-BF4B-00C04F79EFBC}") = "Prog1", "Prog1.csproj", "{78B04007-7FE2-40AF-8114-2C7222E111D0}"
EndProject
Global
	GlobalSection(SolutionConfigurationPlatforms) = preSolution
		Debug|Any CPU = Debug|Any CPU
		Release|Any CPU = Release|Any CPU
	EndGlobalSection
	GlobalSection(ProjectConfigurationPlatforms) = postSolution
		{78B04007-7FE2-40AF-8114-2C7222E111D0}.Debug|Any CPU.ActiveCfg = Debug|Any CPU
		{78B04007-7FE2-40AF-8114-2C7222E111D0}.Debug|Any CPU.Build.0 = Debug|Any CPU
		{78B04007-7FE2-40AF-8114-2C7222E111D0}.Release|Any CPU.ActiveCfg = Release|Any CPU
		{78B04007-7FE2-40AF-8114-2C7222E111D0}.Release|Any CPU.Build.0 = Release|Any CPU
	EndGlobalSection
	GlobalSection(SolutionProperties) = preSolution
		HideSolutionNode = FALSE
	EndGlobalSection
	GlobalSection(ExtensibilityGlobals) = postSolution
		SolutionGuid = {B316B30A-AC75-4048-B610-631EFEDE8352}
	EndGlobalSection
EndGlobal
