
Microsoft Visual Studio Solution File, Format Version 12.00
# Visual Studio Version 17
VisualStudioVersion = 17.1.32421.90
MinimumVisualStudioVersion = 10.0.40219.1
Project("{FAE04EC0-301F-11D3-BF4B-00C04F79EFBC}") = "SignUpForm", "LogInForm\SignUpForm.csproj", "{2E21C74D-495A-4810-8526-5F669C4434DA}"
EndProject
Global
	GlobalSection(SolutionConfigurationPlatforms) = preSolution
		Debug|Any CPU = Debug|Any CPU
		Release|Any CPU = Release|Any CPU
	EndGlobalSection
	GlobalSection(ProjectConfigurationPlatforms) = postSolution
		{2E21C74D-495A-4810-8526-5F669C4434DA}.Debug|Any CPU.ActiveCfg = Debug|Any CPU
		{2E21C74D-495A-4810-8526-5F669C4434DA}.Debug|Any CPU.Build.0 = Debug|Any CPU
		{2E21C74D-495A-4810-8526-5F669C4434DA}.Release|Any CPU.ActiveCfg = Release|Any CPU
		{2E21C74D-495A-4810-8526-5F669C4434DA}.Release|Any CPU.Build.0 = Release|Any CPU
	EndGlobalSection
	GlobalSection(SolutionProperties) = preSolution
		HideSolutionNode = FALSE
	EndGlobalSection
	GlobalSection(ExtensibilityGlobals) = postSolution
		SolutionGuid = {8A1AA141-CA9B-4398-87EF-872E918EC815}
	EndGlobalSection
EndGlobal
