
Microsoft Visual Studio Solution File, Format Version 12.00
# Visual Studio Version 17
VisualStudioVersion = 17.1.32421.90
MinimumVisualStudioVersion = 10.0.40219.1
Project("{FAE04EC0-301F-11D3-BF4B-00C04F79EFBC}") = "CounterApp", "CounterApp\CounterApp.csproj", "{AE320044-F8DE-45C2-AF50-EEA31E3617EC}"
EndProject
Global
	GlobalSection(SolutionConfigurationPlatforms) = preSolution
		Debug|Any CPU = Debug|Any CPU
		Release|Any CPU = Release|Any CPU
	EndGlobalSection
	GlobalSection(ProjectConfigurationPlatforms) = postSolution
		{AE320044-F8DE-45C2-AF50-EEA31E3617EC}.Debug|Any CPU.ActiveCfg = Debug|Any CPU
		{AE320044-F8DE-45C2-AF50-EEA31E3617EC}.Debug|Any CPU.Build.0 = Debug|Any CPU
		{AE320044-F8DE-45C2-AF50-EEA31E3617EC}.Release|Any CPU.ActiveCfg = Release|Any CPU
		{AE320044-F8DE-45C2-AF50-EEA31E3617EC}.Release|Any CPU.Build.0 = Release|Any CPU
	EndGlobalSection
	GlobalSection(SolutionProperties) = preSolution
		HideSolutionNode = FALSE
	EndGlobalSection
	GlobalSection(ExtensibilityGlobals) = postSolution
		SolutionGuid = {50756BEA-7A92-4B97-B13C-CA2E38AE258C}
	EndGlobalSection
EndGlobal
